
Microsoft Visual Studio Solution File, Format Version 12.00
# Visual Studio Version 17
VisualStudioVersion = 17.4.33110.190
MinimumVisualStudioVersion = 10.0.40219.1
Project("{FAE04EC0-301F-11D3-BF4B-00C04F79EFBC}") = "KadArbitr_SearchResultToExcel", "KadArbitr_SearchResultToExcel.csproj", "{0767B2D8-ED7A-40C2-9C48-FD2E9BC8C267}"
EndProject
Global
	GlobalSection(SolutionConfigurationPlatforms) = preSolution
		Debug|Any CPU = Debug|Any CPU
		Release|Any CPU = Release|Any CPU
	EndGlobalSection
	GlobalSection(ProjectConfigurationPlatforms) = postSolution
		{0767B2D8-ED7A-40C2-9C48-FD2E9BC8C267}.Debug|Any CPU.ActiveCfg = Debug|Any CPU
		{0767B2D8-ED7A-40C2-9C48-FD2E9BC8C267}.Debug|Any CPU.Build.0 = Debug|Any CPU
		{0767B2D8-ED7A-40C2-9C48-FD2E9BC8C267}.Release|Any CPU.ActiveCfg = Release|Any CPU
		{0767B2D8-ED7A-40C2-9C48-FD2E9BC8C267}.Release|Any CPU.Build.0 = Release|Any CPU
	EndGlobalSection
	GlobalSection(SolutionProperties) = preSolution
		HideSolutionNode = FALSE
	EndGlobalSection
	GlobalSection(ExtensibilityGlobals) = postSolution
		SolutionGuid = {6729E5A9-7B1E-46D9-813F-856D4195EFB5}
	EndGlobalSection
EndGlobal
